
Microsoft Visual Studio Solution File, Format Version 12.00
# Visual Studio Version 17
VisualStudioVersion = 17.14.36705.20
MinimumVisualStudioVersion = 10.0.40219.1
Project("{8BC9CEB8-8B4A-11D0-8D11-00A0C91BC942}") = "SimulationStaticLib", "SimulationStaticLib\SimulationStaticLib.vcxproj", "{645B23FC-1328-4B1C-97D5-E85FF0957FB7}"
EndProject
Project("{8BC9CEB8-8B4A-11D0-8D11-00A0C91BC942}") = "CppGoogleTest", "CppGoogleTest\CppGoogleTest.vcxproj", "{1F32A168-3F0C-4D43-8568-F1EACAAC4EE5}"
EndProject
Project("{8BC9CEB8-8B4A-11D0-8D11-00A0C91BC942}") = "SimulationSandBox", "SimulationSandBox\SimulationSandBox.vcxproj", "{574F525E-EBFF-4992-9EB8-31ECE4A3E22F}"
EndProject
Global
	GlobalSection(SolutionConfigurationPlatforms) = preSolution
		Debug|x64 = Debug|x64
		Debug|x86 = Debug|x86
		Release|x64 = Release|x64
		Release|x86 = Release|x86
	EndGlobalSection
	GlobalSection(ProjectConfigurationPlatforms) = postSolution
		{645B23FC-1328-4B1C-97D5-E85FF0957FB7}.Debug|x64.ActiveCfg = Debug|x64
		{645B23FC-1328-4B1C-97D5-E85FF0957FB7}.Debug|x64.Build.0 = Debug|x64
		{645B23FC-1328-4B1C-97D5-E85FF0957FB7}.Debug|x86.ActiveCfg = Debug|Win32
		{645B23FC-1328-4B1C-97D5-E85FF0957FB7}.Debug|x86.Build.0 = Debug|Win32
		{645B23FC-1328-4B1C-97D5-E85FF0957FB7}.Release|x64.ActiveCfg = Release|x64
		{645B23FC-1328-4B1C-97D5-E85FF0957FB7}.Release|x64.Build.0 = Release|x64
		{645B23FC-1328-4B1C-97D5-E85FF0957FB7}.Release|x86.ActiveCfg = Release|Win32
		{645B23FC-1328-4B1C-97D5-E85FF0957FB7}.Release|x86.Build.0 = Release|Win32
		{1F32A168-3F0C-4D43-8568-F1EACAAC4EE5}.Debug|x64.ActiveCfg = Debug|x64
		{1F32A168-3F0C-4D43-8568-F1EACAAC4EE5}.Debug|x64.Build.0 = Debug|x64
		{1F32A168-3F0C-4D43-8568-F1EACAAC4EE5}.Debug|x86.ActiveCfg = Debug|Win32
		{1F32A168-3F0C-4D43-8568-F1EACAAC4EE5}.Debug|x86.Build.0 = Debug|Win32
		{1F32A168-3F0C-4D43-8568-F1EACAAC4EE5}.Release|x64.ActiveCfg = Release|x64
		{1F32A168-3F0C-4D43-8568-F1EACAAC4EE5}.Release|x64.Build.0 = Release|x64
		{1F32A168-3F0C-4D43-8568-F1EACAAC4EE5}.Release|x86.ActiveCfg = Release|Win32
		{1F32A168-3F0C-4D43-8568-F1EACAAC4EE5}.Release|x86.Build.0 = Release|Win32
		{574F525E-EBFF-4992-9EB8-31ECE4A3E22F}.Debug|x64.ActiveCfg = Debug|x64
		{574F525E-EBFF-4992-9EB8-31ECE4A3E22F}.Debug|x64.Build.0 = Debug|x64
		{574F525E-EBFF-4992-9EB8-31ECE4A3E22F}.Debug|x86.ActiveCfg = Debug|Win32
		{574F525E-EBFF-4992-9EB8-31ECE4A3E22F}.Debug|x86.Build.0 = Debug|Win32
		{574F525E-EBFF-4992-9EB8-31ECE4A3E22F}.Release|x64.ActiveCfg = Release|x64
		{574F525E-EBFF-4992-9EB8-31ECE4A3E22F}.Release|x64.Build.0 = Release|x64
		{574F525E-EBFF-4992-9EB8-31ECE4A3E22F}.Release|x86.ActiveCfg = Release|Win32
		{574F525E-EBFF-4992-9EB8-31ECE4A3E22F}.Release|x86.Build.0 = Release|Win32
	EndGlobalSection
	GlobalSection(SolutionProperties) = preSolution
		HideSolutionNode = FALSE
	EndGlobalSection
	GlobalSection(ExtensibilityGlobals) = postSolution
		SolutionGuid = {49DB4C3C-2D5D-4B44-B9DC-EAF7BA306E6E}
	EndGlobalSection
EndGlobal
